
Microsoft Visual Studio Solution File, Format Version 12.00
# Visual Studio Version 17
VisualStudioVersion = 17.9.34526.213
MinimumVisualStudioVersion = 10.0.40219.1
Project("{FAE04EC0-301F-11D3-BF4B-00C04F79EFBC}") = "Nikasss", "Nikasss\Nikasss.csproj", "{04C17B9E-9CBC-4AC0-BB1B-5110C92BA978}"
EndProject
Global
	GlobalSection(SolutionConfigurationPlatforms) = preSolution
		Debug|Any CPU = Debug|Any CPU
		Release|Any CPU = Release|Any CPU
	EndGlobalSection
	GlobalSection(ProjectConfigurationPlatforms) = postSolution
		{04C17B9E-9CBC-4AC0-BB1B-5110C92BA978}.Debug|Any CPU.ActiveCfg = Debug|Any CPU
		{04C17B9E-9CBC-4AC0-BB1B-5110C92BA978}.Debug|Any CPU.Build.0 = Debug|Any CPU
		{04C17B9E-9CBC-4AC0-BB1B-5110C92BA978}.Release|Any CPU.ActiveCfg = Release|Any CPU
		{04C17B9E-9CBC-4AC0-BB1B-5110C92BA978}.Release|Any CPU.Build.0 = Release|Any CPU
	EndGlobalSection
	GlobalSection(SolutionProperties) = preSolution
		HideSolutionNode = FALSE
	EndGlobalSection
	GlobalSection(ExtensibilityGlobals) = postSolution
		SolutionGuid = {7E5399FD-51AA-48A6-89B7-1761A6C325CC}
	EndGlobalSection
EndGlobal
